
Microsoft Visual Studio Solution File, Format Version 12.00
# Visual Studio Version 17
VisualStudioVersion = 17.10.35027.167
MinimumVisualStudioVersion = 10.0.40219.1
Project("{FAE04EC0-301F-11D3-BF4B-00C04F79EFBC}") = "Master Layout", "Master Layout\Master Layout.csproj", "{1D39C5A3-3731-42E8-9C0A-49792185EE92}"
EndProject
Global
	GlobalSection(SolutionConfigurationPlatforms) = preSolution
		Debug|Any CPU = Debug|Any CPU
		Release|Any CPU = Release|Any CPU
	EndGlobalSection
	GlobalSection(ProjectConfigurationPlatforms) = postSolution
		{1D39C5A3-3731-42E8-9C0A-49792185EE92}.Debug|Any CPU.ActiveCfg = Debug|Any CPU
		{1D39C5A3-3731-42E8-9C0A-49792185EE92}.Debug|Any CPU.Build.0 = Debug|Any CPU
		{1D39C5A3-3731-42E8-9C0A-49792185EE92}.Release|Any CPU.ActiveCfg = Release|Any CPU
		{1D39C5A3-3731-42E8-9C0A-49792185EE92}.Release|Any CPU.Build.0 = Release|Any CPU
	EndGlobalSection
	GlobalSection(SolutionProperties) = preSolution
		HideSolutionNode = FALSE
	EndGlobalSection
	GlobalSection(ExtensibilityGlobals) = postSolution
		SolutionGuid = {79DE4634-00E7-4758-B779-8D5A75EB6FD8}
	EndGlobalSection
EndGlobal
